
Microsoft Visual Studio Solution File, Format Version 12.00
# Visual Studio Version 17
VisualStudioVersion = 17.14.36511.14 d17.14
MinimumVisualStudioVersion = 10.0.40219.1
Project("{8BC9CEB8-8B4A-11D0-8D11-00A0C91BC942}") = "Digital Evidence", "Digital Evidence.vcxproj", "{DCB63E30-D506-40D1-A48E-3DA6D8AF36E1}"
EndProject
Global
	GlobalSection(SolutionConfigurationPlatforms) = preSolution
		Debug|x64 = Debug|x64
		Debug|x86 = Debug|x86
		Release|x64 = Release|x64
		Release|x86 = Release|x86
	EndGlobalSection
	GlobalSection(ProjectConfigurationPlatforms) = postSolution
		{DCB63E30-D506-40D1-A48E-3DA6D8AF36E1}.Debug|x64.ActiveCfg = Debug|x64
		{DCB63E30-D506-40D1-A48E-3DA6D8AF36E1}.Debug|x64.Build.0 = Debug|x64
		{DCB63E30-D506-40D1-A48E-3DA6D8AF36E1}.Debug|x86.ActiveCfg = Debug|Win32
		{DCB63E30-D506-40D1-A48E-3DA6D8AF36E1}.Debug|x86.Build.0 = Debug|Win32
		{DCB63E30-D506-40D1-A48E-3DA6D8AF36E1}.Release|x64.ActiveCfg = Release|x64
		{DCB63E30-D506-40D1-A48E-3DA6D8AF36E1}.Release|x64.Build.0 = Release|x64
		{DCB63E30-D506-40D1-A48E-3DA6D8AF36E1}.Release|x86.ActiveCfg = Release|Win32
		{DCB63E30-D506-40D1-A48E-3DA6D8AF36E1}.Release|x86.Build.0 = Release|Win32
	EndGlobalSection
	GlobalSection(SolutionProperties) = preSolution
		HideSolutionNode = FALSE
	EndGlobalSection
	GlobalSection(ExtensibilityGlobals) = postSolution
		SolutionGuid = {B119A115-34C2-4527-948D-34A9E5C297AA}
	EndGlobalSection
EndGlobal
